
Microsoft Visual Studio Solution File, Format Version 12.00
# Visual Studio Version 16
VisualStudioVersion = 16.0.31624.102
MinimumVisualStudioVersion = 10.0.40219.1
Project("{FAE04EC0-301F-11D3-BF4B-00C04F79EFBC}") = "lb4", "lb4\lb4.csproj", "{1899EEA2-6155-4915-8799-2BE5BD76CCF6}"
EndProject
Global
	GlobalSection(SolutionConfigurationPlatforms) = preSolution
		Debug|Any CPU = Debug|Any CPU
		Release|Any CPU = Release|Any CPU
	EndGlobalSection
	GlobalSection(ProjectConfigurationPlatforms) = postSolution
		{1899EEA2-6155-4915-8799-2BE5BD76CCF6}.Debug|Any CPU.ActiveCfg = Debug|Any CPU
		{1899EEA2-6155-4915-8799-2BE5BD76CCF6}.Debug|Any CPU.Build.0 = Debug|Any CPU
		{1899EEA2-6155-4915-8799-2BE5BD76CCF6}.Release|Any CPU.ActiveCfg = Release|Any CPU
		{1899EEA2-6155-4915-8799-2BE5BD76CCF6}.Release|Any CPU.Build.0 = Release|Any CPU
	EndGlobalSection
	GlobalSection(SolutionProperties) = preSolution
		HideSolutionNode = FALSE
	EndGlobalSection
	GlobalSection(ExtensibilityGlobals) = postSolution
		SolutionGuid = {89E808CC-85D1-42CF-A8A8-4FB0D501427D}
	EndGlobalSection
EndGlobal
